
Microsoft Visual Studio Solution File, Format Version 12.00
# Visual Studio Version 16
VisualStudioVersion = 16.0.30204.135
MinimumVisualStudioVersion = 10.0.40219.1
Project("{9A19103F-16F7-4668-BE54-9A1E7A4F7556}") = "MyVetNuske.Common", "MyVetNuske.Common\MyVetNuske.Common.csproj", "{0985F9AD-16AE-48D1-9F48-3B2014AFEB60}"
EndProject
Project("{9A19103F-16F7-4668-BE54-9A1E7A4F7556}") = "MyVetNuske.Web", "MyVetNuske.Web\MyVetNuske.Web.csproj", "{C6C66D07-20B0-4B17-B9F9-E4876296E5B8}"
EndProject
Project("{FAE04EC0-301F-11D3-BF4B-00C04F79EFBC}") = "MyVetNuske.Prism", "MyVetNuske.Prism\MyVetNuske.Prism\MyVetNuske.Prism.csproj", "{145ADEF8-9C1E-4BED-879B-F3101BBA6DA9}"
EndProject
Project("{FAE04EC0-301F-11D3-BF4B-00C04F79EFBC}") = "MyVetNuske.Prism.Android", "MyVetNuske.Prism\MyVetNuske.Prism.Android\MyVetNuske.Prism.Android.csproj", "{CEF58204-78D4-420A-A906-4A5E7FA7613D}"
EndProject
Project("{FAE04EC0-301F-11D3-BF4B-00C04F79EFBC}") = "MyVetNuske.Prism.iOS", "MyVetNuske.Prism\MyVetNuske.Prism.iOS\MyVetNuske.Prism.iOS.csproj", "{BD4C3EA8-DFFB-4D9F-AABB-83E1BCF51146}"
EndProject
Global
	GlobalSection(SolutionConfigurationPlatforms) = preSolution
		Ad-Hoc|Any CPU = Ad-Hoc|Any CPU
		Ad-Hoc|iPhone = Ad-Hoc|iPhone
		Ad-Hoc|iPhoneSimulator = Ad-Hoc|iPhoneSimulator
		AppStore|Any CPU = AppStore|Any CPU
		AppStore|iPhone = AppStore|iPhone
		AppStore|iPhoneSimulator = AppStore|iPhoneSimulator
		Debug|Any CPU = Debug|Any CPU
		Debug|iPhone = Debug|iPhone
		Debug|iPhoneSimulator = Debug|iPhoneSimulator
		Release|Any CPU = Release|Any CPU
		Release|iPhone = Release|iPhone
		Release|iPhoneSimulator = Release|iPhoneSimulator
	EndGlobalSection
	GlobalSection(ProjectConfigurationPlatforms) = postSolution
		{0985F9AD-16AE-48D1-9F48-3B2014AFEB60}.Ad-Hoc|Any CPU.ActiveCfg = Release|Any CPU
		{0985F9AD-16AE-48D1-9F48-3B2014AFEB60}.Ad-Hoc|Any CPU.Build.0 = Release|Any CPU
		{0985F9AD-16AE-48D1-9F48-3B2014AFEB60}.Ad-Hoc|iPhone.ActiveCfg = Release|Any CPU
		{0985F9AD-16AE-48D1-9F48-3B2014AFEB60}.Ad-Hoc|iPhone.Build.0 = Release|Any CPU
		{0985F9AD-16AE-48D1-9F48-3B2014AFEB60}.Ad-Hoc|iPhoneSimulator.ActiveCfg = Release|Any CPU
		{0985F9AD-16AE-48D1-9F48-3B2014AFEB60}.Ad-Hoc|iPhoneSimulator.Build.0 = Release|Any CPU
		{0985F9AD-16AE-48D1-9F48-3B2014AFEB60}.AppStore|Any CPU.ActiveCfg = Release|Any CPU
		{0985F9AD-16AE-48D1-9F48-3B2014AFEB60}.AppStore|Any CPU.Build.0 = Release|Any CPU
		{0985F9AD-16AE-48D1-9F48-3B2014AFEB60}.AppStore|iPhone.ActiveCfg = Release|Any CPU
		{0985F9AD-16AE-48D1-9F48-3B2014AFEB60}.AppStore|iPhone.Build.0 = Release|Any CPU
		{0985F9AD-16AE-48D1-9F48-3B2014AFEB60}.AppStore|iPhoneSimulator.ActiveCfg = Release|Any CPU
		{0985F9AD-16AE-48D1-9F48-3B2014AFEB60}.AppStore|iPhoneSimulator.Build.0 = Release|Any CPU
		{0985F9AD-16AE-48D1-9F48-3B2014AFEB60}.Debug|Any CPU.ActiveCfg = Debug|Any CPU
		{0985F9AD-16AE-48D1-9F48-3B2014AFEB60}.Debug|Any CPU.Build.0 = Debug|Any CPU
		{0985F9AD-16AE-48D1-9F48-3B2014AFEB60}.Debug|iPhone.ActiveCfg = Debug|Any CPU
		{0985F9AD-16AE-48D1-9F48-3B2014AFEB60}.Debug|iPhone.Build.0 = Debug|Any CPU
		{0985F9AD-16AE-48D1-9F48-3B2014AFEB60}.Debug|iPhoneSimulator.ActiveCfg = Debug|Any CPU
		{0985F9AD-16AE-48D1-9F48-3B2014AFEB60}.Debug|iPhoneSimulator.Build.0 = Debug|Any CPU
		{0985F9AD-16AE-48D1-9F48-3B2014AFEB60}.Release|Any CPU.ActiveCfg = Release|Any CPU
		{0985F9AD-16AE-48D1-9F48-3B2014AFEB60}.Release|Any CPU.Build.0 = Release|Any CPU
		{0985F9AD-16AE-48D1-9F48-3B2014AFEB60}.Release|iPhone.ActiveCfg = Release|Any CPU
		{0985F9AD-16AE-48D1-9F48-3B2014AFEB60}.Release|iPhone.Build.0 = Release|Any CPU
		{0985F9AD-16AE-48D1-9F48-3B2014AFEB60}.Release|iPhoneSimulator.ActiveCfg = Release|Any CPU
		{0985F9AD-16AE-48D1-9F48-3B2014AFEB60}.Release|iPhoneSimulator.Build.0 = Release|Any CPU
		{C6C66D07-20B0-4B17-B9F9-E4876296E5B8}.Ad-Hoc|Any CPU.ActiveCfg = Release|Any CPU
		{C6C66D07-20B0-4B17-B9F9-E4876296E5B8}.Ad-Hoc|Any CPU.Build.0 = Release|Any CPU
		{C6C66D07-20B0-4B17-B9F9-E4876296E5B8}.Ad-Hoc|iPhone.ActiveCfg = Release|Any CPU
		{C6C66D07-20B0-4B17-B9F9-E4876296E5B8}.Ad-Hoc|iPhone.Build.0 = Release|Any CPU
		{C6C66D07-20B0-4B17-B9F9-E4876296E5B8}.Ad-Hoc|iPhoneSimulator.ActiveCfg = Release|Any CPU
		{C6C66D07-20B0-4B17-B9F9-E4876296E5B8}.Ad-Hoc|iPhoneSimulator.Build.0 = Release|Any CPU
		{C6C66D07-20B0-4B17-B9F9-E4876296E5B8}.AppStore|Any CPU.ActiveCfg = Release|Any CPU
		{C6C66D07-20B0-4B17-B9F9-E4876296E5B8}.AppStore|Any CPU.Build.0 = Release|Any CPU
		{C6C66D07-20B0-4B17-B9F9-E4876296E5B8}.AppStore|iPhone.ActiveCfg = Release|Any CPU
		{C6C66D07-20B0-4B17-B9F9-E4876296E5B8}.AppStore|iPhone.Build.0 = Release|Any CPU
		{C6C66D07-20B0-4B17-B9F9-E4876296E5B8}.AppStore|iPhoneSimulator.ActiveCfg = Release|Any CPU
		{C6C66D07-20B0-4B17-B9F9-E4876296E5B8}.AppStore|iPhoneSimulator.Build.0 = Release|Any CPU
		{C6C66D07-20B0-4B17-B9F9-E4876296E5B8}.Debug|Any CPU.ActiveCfg = Debug|Any CPU
		{C6C66D07-20B0-4B17-B9F9-E4876296E5B8}.Debug|Any CPU.Build.0 = Debug|Any CPU
		{C6C66D07-20B0-4B17-B9F9-E4876296E5B8}.Debug|iPhone.ActiveCfg = Debug|Any CPU
		{C6C66D07-20B0-4B17-B9F9-E4876296E5B8}.Debug|iPhone.Build.0 = Debug|Any CPU
		{C6C66D07-20B0-4B17-B9F9-E4876296E5B8}.Debug|iPhoneSimulator.ActiveCfg = Debug|Any CPU
		{C6C66D07-20B0-4B17-B9F9-E4876296E5B8}.Debug|iPhoneSimulator.Build.0 = Debug|Any CPU
		{C6C66D07-20B0-4B17-B9F9-E4876296E5B8}.Release|Any CPU.ActiveCfg = Release|Any CPU
		{C6C66D07-20B0-4B17-B9F9-E4876296E5B8}.Release|Any CPU.Build.0 = Release|Any CPU
		{C6C66D07-20B0-4B17-B9F9-E4876296E5B8}.Release|iPhone.ActiveCfg = Release|Any CPU
		{C6C66D07-20B0-4B17-B9F9-E4876296E5B8}.Release|iPhone.Build.0 = Release|Any CPU
		{C6C66D07-20B0-4B17-B9F9-E4876296E5B8}.Release|iPhoneSimulator.ActiveCfg = Release|Any CPU
		{C6C66D07-20B0-4B17-B9F9-E4876296E5B8}.Release|iPhoneSimulator.Build.0 = Release|Any CPU
		{145ADEF8-9C1E-4BED-879B-F3101BBA6DA9}.Ad-Hoc|Any CPU.ActiveCfg = Debug|Any CPU
		{145ADEF8-9C1E-4BED-879B-F3101BBA6DA9}.Ad-Hoc|Any CPU.Build.0 = Debug|Any CPU
		{145ADEF8-9C1E-4BED-879B-F3101BBA6DA9}.Ad-Hoc|iPhone.ActiveCfg = Debug|Any CPU
		{145ADEF8-9C1E-4BED-879B-F3101BBA6DA9}.Ad-Hoc|iPhone.Build.0 = Debug|Any CPU
		{145ADEF8-9C1E-4BED-879B-F3101BBA6DA9}.Ad-Hoc|iPhoneSimulator.ActiveCfg = Debug|Any CPU
		{145ADEF8-9C1E-4BED-879B-F3101BBA6DA9}.Ad-Hoc|iPhoneSimulator.Build.0 = Debug|Any CPU
		{145ADEF8-9C1E-4BED-879B-F3101BBA6DA9}.AppStore|Any CPU.ActiveCfg = Debug|Any CPU
		{145ADEF8-9C1E-4BED-879B-F3101BBA6DA9}.AppStore|Any CPU.Build.0 = Debug|Any CPU
		{145ADEF8-9C1E-4BED-879B-F3101BBA6DA9}.AppStore|iPhone.ActiveCfg = Debug|Any CPU
		{145ADEF8-9C1E-4BED-879B-F3101BBA6DA9}.AppStore|iPhone.Build.0 = Debug|Any CPU
		{145ADEF8-9C1E-4BED-879B-F3101BBA6DA9}.AppStore|iPhoneSimulator.ActiveCfg = Debug|Any CPU
		{145ADEF8-9C1E-4BED-879B-F3101BBA6DA9}.AppStore|iPhoneSimulator.Build.0 = Debug|Any CPU
		{145ADEF8-9C1E-4BED-879B-F3101BBA6DA9}.Debug|Any CPU.ActiveCfg = Debug|Any CPU
		{145ADEF8-9C1E-4BED-879B-F3101BBA6DA9}.Debug|Any CPU.Build.0 = Debug|Any CPU
		{145ADEF8-9C1E-4BED-879B-F3101BBA6DA9}.Debug|iPhone.ActiveCfg = Debug|Any CPU
		{145ADEF8-9C1E-4BED-879B-F3101BBA6DA9}.Debug|iPhone.Build.0 = Debug|Any CPU
		{145ADEF8-9C1E-4BED-879B-F3101BBA6DA9}.Debug|iPhoneSimulator.ActiveCfg = Debug|Any CPU
		{145ADEF8-9C1E-4BED-879B-F3101BBA6DA9}.Debug|iPhoneSimulator.Build.0 = Debug|Any CPU
		{145ADEF8-9C1E-4BED-879B-F3101BBA6DA9}.Release|Any CPU.ActiveCfg = Release|Any CPU
		{145ADEF8-9C1E-4BED-879B-F3101BBA6DA9}.Release|Any CPU.Build.0 = Release|Any CPU
		{145ADEF8-9C1E-4BED-879B-F3101BBA6DA9}.Release|iPhone.ActiveCfg = Release|Any CPU
		{145ADEF8-9C1E-4BED-879B-F3101BBA6DA9}.Release|iPhone.Build.0 = Release|Any CPU
		{145ADEF8-9C1E-4BED-879B-F3101BBA6DA9}.Release|iPhoneSimulator.ActiveCfg = Release|Any CPU
		{145ADEF8-9C1E-4BED-879B-F3101BBA6DA9}.Release|iPhoneSimulator.Build.0 = Release|Any CPU
		{CEF58204-78D4-420A-A906-4A5E7FA7613D}.Ad-Hoc|Any CPU.ActiveCfg = Release|Any CPU
		{CEF58204-78D4-420A-A906-4A5E7FA7613D}.Ad-Hoc|Any CPU.Build.0 = Release|Any CPU
		{CEF58204-78D4-420A-A906-4A5E7FA7613D}.Ad-Hoc|Any CPU.Deploy.0 = Release|Any CPU
		{CEF58204-78D4-420A-A906-4A5E7FA7613D}.Ad-Hoc|iPhone.ActiveCfg = Release|Any CPU
		{CEF58204-78D4-420A-A906-4A5E7FA7613D}.Ad-Hoc|iPhone.Build.0 = Release|Any CPU
		{CEF58204-78D4-420A-A906-4A5E7FA7613D}.Ad-Hoc|iPhone.Deploy.0 = Release|Any CPU
		{CEF58204-78D4-420A-A906-4A5E7FA7613D}.Ad-Hoc|iPhoneSimulator.ActiveCfg = Release|Any CPU
		{CEF58204-78D4-420A-A906-4A5E7FA7613D}.Ad-Hoc|iPhoneSimulator.Build.0 = Release|Any CPU
		{CEF58204-78D4-420A-A906-4A5E7FA7613D}.Ad-Hoc|iPhoneSimulator.Deploy.0 = Release|Any CPU
		{CEF58204-78D4-420A-A906-4A5E7FA7613D}.AppStore|Any CPU.ActiveCfg = Release|Any CPU
		{CEF58204-78D4-420A-A906-4A5E7FA7613D}.AppStore|Any CPU.Build.0 = Release|Any CPU
		{CEF58204-78D4-420A-A906-4A5E7FA7613D}.AppStore|Any CPU.Deploy.0 = Release|Any CPU
		{CEF58204-78D4-420A-A906-4A5E7FA7613D}.AppStore|iPhone.ActiveCfg = Release|Any CPU
		{CEF58204-78D4-420A-A906-4A5E7FA7613D}.AppStore|iPhone.Build.0 = Release|Any CPU
		{CEF58204-78D4-420A-A906-4A5E7FA7613D}.AppStore|iPhone.Deploy.0 = Release|Any CPU
		{CEF58204-78D4-420A-A906-4A5E7FA7613D}.AppStore|iPhoneSimulator.ActiveCfg = Release|Any CPU
		{CEF58204-78D4-420A-A906-4A5E7FA7613D}.AppStore|iPhoneSimulator.Build.0 = Release|Any CPU
		{CEF58204-78D4-420A-A906-4A5E7FA7613D}.AppStore|iPhoneSimulator.Deploy.0 = Release|Any CPU
		{CEF58204-78D4-420A-A906-4A5E7FA7613D}.Debug|Any CPU.ActiveCfg = Debug|Any CPU
		{CEF58204-78D4-420A-A906-4A5E7FA7613D}.Debug|Any CPU.Build.0 = Debug|Any CPU
		{CEF58204-78D4-420A-A906-4A5E7FA7613D}.Debug|Any CPU.Deploy.0 = Debug|Any CPU
		{CEF58204-78D4-420A-A906-4A5E7FA7613D}.Debug|iPhone.ActiveCfg = Debug|Any CPU
		{CEF58204-78D4-420A-A906-4A5E7FA7613D}.Debug|iPhone.Build.0 = Debug|Any CPU
		{CEF58204-78D4-420A-A906-4A5E7FA7613D}.Debug|iPhone.Deploy.0 = Debug|Any CPU
		{CEF58204-78D4-420A-A906-4A5E7FA7613D}.Debug|iPhoneSimulator.ActiveCfg = Debug|Any CPU
		{CEF58204-78D4-420A-A906-4A5E7FA7613D}.Debug|iPhoneSimulator.Build.0 = Debug|Any CPU
		{CEF58204-78D4-420A-A906-4A5E7FA7613D}.Debug|iPhoneSimulator.Deploy.0 = Debug|Any CPU
		{CEF58204-78D4-420A-A906-4A5E7FA7613D}.Release|Any CPU.ActiveCfg = Release|Any CPU
		{CEF58204-78D4-420A-A906-4A5E7FA7613D}.Release|Any CPU.Build.0 = Release|Any CPU
		{CEF58204-78D4-420A-A906-4A5E7FA7613D}.Release|Any CPU.Deploy.0 = Release|Any CPU
		{CEF58204-78D4-420A-A906-4A5E7FA7613D}.Release|iPhone.ActiveCfg = Release|Any CPU
		{CEF58204-78D4-420A-A906-4A5E7FA7613D}.Release|iPhone.Build.0 = Release|Any CPU
		{CEF58204-78D4-420A-A906-4A5E7FA7613D}.Release|iPhone.Deploy.0 = Release|Any CPU
		{CEF58204-78D4-420A-A906-4A5E7FA7613D}.Release|iPhoneSimulator.ActiveCfg = Release|Any CPU
		{CEF58204-78D4-420A-A906-4A5E7FA7613D}.Release|iPhoneSimulator.Build.0 = Release|Any CPU
		{CEF58204-78D4-420A-A906-4A5E7FA7613D}.Release|iPhoneSimulator.Deploy.0 = Release|Any CPU
		{BD4C3EA8-DFFB-4D9F-AABB-83E1BCF51146}.Ad-Hoc|Any CPU.ActiveCfg = Ad-Hoc|iPhone
		{BD4C3EA8-DFFB-4D9F-AABB-83E1BCF51146}.Ad-Hoc|iPhone.ActiveCfg = Ad-Hoc|iPhone
		{BD4C3EA8-DFFB-4D9F-AABB-83E1BCF51146}.Ad-Hoc|iPhone.Build.0 = Ad-Hoc|iPhone
		{BD4C3EA8-DFFB-4D9F-AABB-83E1BCF51146}.Ad-Hoc|iPhoneSimulator.ActiveCfg = Ad-Hoc|iPhoneSimulator
		{BD4C3EA8-DFFB-4D9F-AABB-83E1BCF51146}.Ad-Hoc|iPhoneSimulator.Build.0 = Ad-Hoc|iPhoneSimulator
		{BD4C3EA8-DFFB-4D9F-AABB-83E1BCF51146}.AppStore|Any CPU.ActiveCfg = AppStore|iPhone
		{BD4C3EA8-DFFB-4D9F-AABB-83E1BCF51146}.AppStore|iPhone.ActiveCfg = AppStore|iPhone
		{BD4C3EA8-DFFB-4D9F-AABB-83E1BCF51146}.AppStore|iPhone.Build.0 = AppStore|iPhone
		{BD4C3EA8-DFFB-4D9F-AABB-83E1BCF51146}.AppStore|iPhoneSimulator.ActiveCfg = AppStore|iPhoneSimulator
		{BD4C3EA8-DFFB-4D9F-AABB-83E1BCF51146}.AppStore|iPhoneSimulator.Build.0 = AppStore|iPhoneSimulator
		{BD4C3EA8-DFFB-4D9F-AABB-83E1BCF51146}.Debug|Any CPU.ActiveCfg = Debug|iPhone
		{BD4C3EA8-DFFB-4D9F-AABB-83E1BCF51146}.Debug|iPhone.ActiveCfg = Debug|iPhone
		{BD4C3EA8-DFFB-4D9F-AABB-83E1BCF51146}.Debug|iPhone.Build.0 = Debug|iPhone
		{BD4C3EA8-DFFB-4D9F-AABB-83E1BCF51146}.Debug|iPhoneSimulator.ActiveCfg = Debug|iPhoneSimulator
		{BD4C3EA8-DFFB-4D9F-AABB-83E1BCF51146}.Debug|iPhoneSimulator.Build.0 = Debug|iPhoneSimulator
		{BD4C3EA8-DFFB-4D9F-AABB-83E1BCF51146}.Release|Any CPU.ActiveCfg = Release|iPhone
		{BD4C3EA8-DFFB-4D9F-AABB-83E1BCF51146}.Release|iPhone.ActiveCfg = Release|iPhone
		{BD4C3EA8-DFFB-4D9F-AABB-83E1BCF51146}.Release|iPhone.Build.0 = Release|iPhone
		{BD4C3EA8-DFFB-4D9F-AABB-83E1BCF51146}.Release|iPhoneSimulator.ActiveCfg = Release|iPhoneSimulator
		{BD4C3EA8-DFFB-4D9F-AABB-83E1BCF51146}.Release|iPhoneSimulator.Build.0 = Release|iPhoneSimulator
	EndGlobalSection
	GlobalSection(SolutionProperties) = preSolution
		HideSolutionNode = FALSE
	EndGlobalSection
	GlobalSection(ExtensibilityGlobals) = postSolution
		SolutionGuid = {47233B16-FA46-48F8-A706-54E7B1EC5358}
	EndGlobalSection
EndGlobal
